
Microsoft Visual Studio Solution File, Format Version 12.00
# Visual Studio 15
VisualStudioVersion = 15.0.27703.2047
MinimumVisualStudioVersion = 10.0.40219.1
Project("{FAE04EC0-301F-11D3-BF4B-00C04F79EFBC}") = "01RoutingApp", "01RoutingApp\01RoutingApp.csproj", "{596B753E-E293-4522-9764-61BE8F768198}"
EndProject
Global
	GlobalSection(SolutionConfigurationPlatforms) = preSolution
		Debug|Any CPU = Debug|Any CPU
		Release|Any CPU = Release|Any CPU
	EndGlobalSection
	GlobalSection(ProjectConfigurationPlatforms) = postSolution
		{596B753E-E293-4522-9764-61BE8F768198}.Debug|Any CPU.ActiveCfg = Debug|Any CPU
		{596B753E-E293-4522-9764-61BE8F768198}.Debug|Any CPU.Build.0 = Debug|Any CPU
		{596B753E-E293-4522-9764-61BE8F768198}.Release|Any CPU.ActiveCfg = Release|Any CPU
		{596B753E-E293-4522-9764-61BE8F768198}.Release|Any CPU.Build.0 = Release|Any CPU
	EndGlobalSection
	GlobalSection(SolutionProperties) = preSolution
		HideSolutionNode = FALSE
	EndGlobalSection
	GlobalSection(ExtensibilityGlobals) = postSolution
		SolutionGuid = {603876B0-3470-490D-BB6D-1BD185B8001E}
	EndGlobalSection
EndGlobal
