
Microsoft Visual Studio Solution File, Format Version 12.00
# Visual Studio 15
VisualStudioVersion = 15.0.27703.2047
MinimumVisualStudioVersion = 10.0.40219.1
Project("{FAE04EC0-301F-11D3-BF4B-00C04F79EFBC}") = "Ligging", "Ligging\Ligging.csproj", "{0C1CCB06-656C-41E3-8B6E-EF5DDEF8AEBC}"
EndProject
Global
	GlobalSection(SolutionConfigurationPlatforms) = preSolution
		Debug|Any CPU = Debug|Any CPU
		Release|Any CPU = Release|Any CPU
	EndGlobalSection
	GlobalSection(ProjectConfigurationPlatforms) = postSolution
		{0C1CCB06-656C-41E3-8B6E-EF5DDEF8AEBC}.Debug|Any CPU.ActiveCfg = Debug|Any CPU
		{0C1CCB06-656C-41E3-8B6E-EF5DDEF8AEBC}.Debug|Any CPU.Build.0 = Debug|Any CPU
		{0C1CCB06-656C-41E3-8B6E-EF5DDEF8AEBC}.Release|Any CPU.ActiveCfg = Release|Any CPU
		{0C1CCB06-656C-41E3-8B6E-EF5DDEF8AEBC}.Release|Any CPU.Build.0 = Release|Any CPU
	EndGlobalSection
	GlobalSection(SolutionProperties) = preSolution
		HideSolutionNode = FALSE
	EndGlobalSection
	GlobalSection(ExtensibilityGlobals) = postSolution
		SolutionGuid = {500D7F70-0A21-42DD-80AB-68745991F299}
	EndGlobalSection
EndGlobal
